// !$*UTF8*$!
{
	archiveVersion = 1;
	classes = {
	};
	objectVersion = 55;
	objects = {

/* Begin PBXBuildFile section */
		DD5FA79C27D3968F0086525C /* AppDelegate.swift in Sources */ = {isa = PBXBuildFile; fileRef = DD5FA79B27D3968F0086525C /* AppDelegate.swift */; };
		DD5FA79E27D3968F0086525C /* SceneDelegate.swift in Sources */ = {isa = PBXBuildFile; fileRef = DD5FA79D27D3968F0086525C /* SceneDelegate.swift */; };
		DD5FA7A527D3968F0086525C /* Assets.xcassets in Resources */ = {isa = PBXBuildFile; fileRef = DD5FA7A427D3968F0086525C /* Assets.xcassets */; };
		DD5FA7A827D3968F0086525C /* LaunchScreen.storyboard in Resources */ = {isa = PBXBuildFile; fileRef = DD5FA7A627D3968F0086525C /* LaunchScreen.storyboard */; };
		DD5FA7B627D3AA280086525C /* FeatureModule.swift in Sources */ = {isa = PBXBuildFile; fileRef = DD5FA7B427D3AA280086525C /* FeatureModule.swift */; };
		DD5FA7B727D3AA280086525C /* Router.swift in Sources */ = {isa = PBXBuildFile; fileRef = DD5FA7B527D3AA280086525C /* Router.swift */; };
		DD5FA7B927D3AA3A0086525C /* NewListModule.swift in Sources */ = {isa = PBXBuildFile; fileRef = DD5FA7B827D3AA3A0086525C /* NewListModule.swift */; };
		DD5FA7BB27D3AABC0086525C /* NewsListViewController.swift in Sources */ = {isa = PBXBuildFile; fileRef = DD5FA7BA27D3AABC0086525C /* NewsListViewController.swift */; };
		DD5FA7BD27D3AAD70086525C /* NewListViewModel.swift in Sources */ = {isa = PBXBuildFile; fileRef = DD5FA7BC27D3AAD70086525C /* NewListViewModel.swift */; };
		DD5FA7BF27D3AB060086525C /* NewsListRouter.swift in Sources */ = {isa = PBXBuildFile; fileRef = DD5FA7BE27D3AB060086525C /* NewsListRouter.swift */; };
		DD5FA7C227D3AEB00086525C /* Loadable.swift in Sources */ = {isa = PBXBuildFile; fileRef = DD5FA7C127D3AEB00086525C /* Loadable.swift */; };
		DD5FA7C527D3B55C0086525C /* Core in Frameworks */ = {isa = PBXBuildFile; productRef = DD5FA7C427D3B55C0086525C /* Core */; };
		DD5FA7C727D3B55C0086525C /* HTTPClient in Frameworks */ = {isa = PBXBuildFile; productRef = DD5FA7C627D3B55C0086525C /* HTTPClient */; };
		DD5FA7C927D3B55C0086525C /* RemoteRepository in Frameworks */ = {isa = PBXBuildFile; productRef = DD5FA7C827D3B55C0086525C /* RemoteRepository */; };
		DD5FA7CB27D3B55C0086525C /* Repository in Frameworks */ = {isa = PBXBuildFile; productRef = DD5FA7CA27D3B55C0086525C /* Repository */; };
		DD5FA7CE27D3B6060086525C /* NewsRowConfiguration.swift in Sources */ = {isa = PBXBuildFile; fileRef = DD5FA7CD27D3B6060086525C /* NewsRowConfiguration.swift */; };
		DD5FA7D127D3B8520086525C /* Kingfisher in Frameworks */ = {isa = PBXBuildFile; productRef = DD5FA7D027D3B8520086525C /* Kingfisher */; };
		DD5FA7D527D3BD8D0086525C /* HoleRowConfiguration.swift in Sources */ = {isa = PBXBuildFile; fileRef = DD5FA7D427D3BD8D0086525C /* HoleRowConfiguration.swift */; };
		DD5FA7D727D3C0140086525C /* BaseViewModel.swift in Sources */ = {isa = PBXBuildFile; fileRef = DD5FA7D627D3C0140086525C /* BaseViewModel.swift */; };
		DD5FA7DA27D493040086525C /* NewsDetailModule.swift in Sources */ = {isa = PBXBuildFile; fileRef = DD5FA7D927D493040086525C /* NewsDetailModule.swift */; };
		DD5FA7DC27D493700086525C /* NewsDetailViewController.swift in Sources */ = {isa = PBXBuildFile; fileRef = DD5FA7DB27D493700086525C /* NewsDetailViewController.swift */; };
		DD5FA7DE27D493790086525C /* NewsDetailViewModel.swift in Sources */ = {isa = PBXBuildFile; fileRef = DD5FA7DD27D493790086525C /* NewsDetailViewModel.swift */; };
		DD5FA7E027D493840086525C /* NewsDetailRouter.swift in Sources */ = {isa = PBXBuildFile; fileRef = DD5FA7DF27D493840086525C /* NewsDetailRouter.swift */; };
/* End PBXBuildFile section */

/* Begin PBXFileReference section */
		DD5FA79827D3968F0086525C /* ChopeNews.app */ = {isa = PBXFileReference; explicitFileType = wrapper.application; includeInIndex = 0; path = ChopeNews.app; sourceTree = BUILT_PRODUCTS_DIR; };
		DD5FA79B27D3968F0086525C /* AppDelegate.swift */ = {isa = PBXFileReference; lastKnownFileType = sourcecode.swift; path = AppDelegate.swift; sourceTree = "<group>"; };
		DD5FA79D27D3968F0086525C /* SceneDelegate.swift */ = {isa = PBXFileReference; lastKnownFileType = sourcecode.swift; path = SceneDelegate.swift; sourceTree = "<group>"; };
		DD5FA7A427D3968F0086525C /* Assets.xcassets */ = {isa = PBXFileReference; lastKnownFileType = folder.assetcatalog; path = Assets.xcassets; sourceTree = "<group>"; };
		DD5FA7A727D3968F0086525C /* Base */ = {isa = PBXFileReference; lastKnownFileType = file.storyboard; name = Base; path = Base.lproj/LaunchScreen.storyboard; sourceTree = "<group>"; };
		DD5FA7A927D3968F0086525C /* Info.plist */ = {isa = PBXFileReference; lastKnownFileType = text.plist.xml; path = Info.plist; sourceTree = "<group>"; };
		DD5FA7B427D3AA280086525C /* FeatureModule.swift */ = {isa = PBXFileReference; fileEncoding = 4; lastKnownFileType = sourcecode.swift; path = FeatureModule.swift; sourceTree = "<group>"; };
		DD5FA7B527D3AA280086525C /* Router.swift */ = {isa = PBXFileReference; fileEncoding = 4; lastKnownFileType = sourcecode.swift; path = Router.swift; sourceTree = "<group>"; };
		DD5FA7B827D3AA3A0086525C /* NewListModule.swift */ = {isa = PBXFileReference; lastKnownFileType = sourcecode.swift; path = NewListModule.swift; sourceTree = "<group>"; };
		DD5FA7BA27D3AABC0086525C /* NewsListViewController.swift */ = {isa = PBXFileReference; lastKnownFileType = sourcecode.swift; path = NewsListViewController.swift; sourceTree = "<group>"; };
		DD5FA7BC27D3AAD70086525C /* NewListViewModel.swift */ = {isa = PBXFileReference; lastKnownFileType = sourcecode.swift; path = NewListViewModel.swift; sourceTree = "<group>"; };
		DD5FA7BE27D3AB060086525C /* NewsListRouter.swift */ = {isa = PBXFileReference; lastKnownFileType = sourcecode.swift; path = NewsListRouter.swift; sourceTree = "<group>"; };
		DD5FA7C127D3AEB00086525C /* Loadable.swift */ = {isa = PBXFileReference; lastKnownFileType = sourcecode.swift; path = Loadable.swift; sourceTree = "<group>"; };
		DD5FA7CD27D3B6060086525C /* NewsRowConfiguration.swift */ = {isa = PBXFileReference; lastKnownFileType = sourcecode.swift; path = NewsRowConfiguration.swift; sourceTree = "<group>"; };
		DD5FA7D427D3BD8D0086525C /* HoleRowConfiguration.swift */ = {isa = PBXFileReference; lastKnownFileType = sourcecode.swift; path = HoleRowConfiguration.swift; sourceTree = "<group>"; };
		DD5FA7D627D3C0140086525C /* BaseViewModel.swift */ = {isa = PBXFileReference; lastKnownFileType = sourcecode.swift; path = BaseViewModel.swift; sourceTree = "<group>"; };
		DD5FA7D927D493040086525C /* NewsDetailModule.swift */ = {isa = PBXFileReference; lastKnownFileType = sourcecode.swift; path = NewsDetailModule.swift; sourceTree = "<group>"; };
		DD5FA7DB27D493700086525C /* NewsDetailViewController.swift */ = {isa = PBXFileReference; lastKnownFileType = sourcecode.swift; path = NewsDetailViewController.swift; sourceTree = "<group>"; };
		DD5FA7DD27D493790086525C /* NewsDetailViewModel.swift */ = {isa = PBXFileReference; lastKnownFileType = sourcecode.swift; path = NewsDetailViewModel.swift; sourceTree = "<group>"; };
		DD5FA7DF27D493840086525C /* NewsDetailRouter.swift */ = {isa = PBXFileReference; lastKnownFileType = sourcecode.swift; path = NewsDetailRouter.swift; sourceTree = "<group>"; };
/* End PBXFileReference section */

/* Begin PBXFrameworksBuildPhase section */
		DD5FA79527D3968F0086525C /* Frameworks */ = {
			isa = PBXFrameworksBuildPhase;
			buildActionMask = 2147483647;
			files = (
				DD5FA7C527D3B55C0086525C /* Core in Frameworks */,
				DD5FA7C727D3B55C0086525C /* HTTPClient in Frameworks */,
				DD5FA7CB27D3B55C0086525C /* Repository in Frameworks */,
				DD5FA7C927D3B55C0086525C /* RemoteRepository in Frameworks */,
				DD5FA7D127D3B8520086525C /* Kingfisher in Frameworks */,
			);
			runOnlyForDeploymentPostprocessing = 0;
		};
/* End PBXFrameworksBuildPhase section */

/* Begin PBXGroup section */
		DD5FA78F27D3968F0086525C = {
			isa = PBXGroup;
			children = (
				DD5FA79A27D3968F0086525C /* ChopeNews */,
				DD5FA79927D3968F0086525C /* Products */,
				DD5FA7C327D3B55C0086525C /* Frameworks */,
			);
			sourceTree = "<group>";
		};
		DD5FA79927D3968F0086525C /* Products */ = {
			isa = PBXGroup;
			children = (
				DD5FA79827D3968F0086525C /* ChopeNews.app */,
			);
			name = Products;
			sourceTree = "<group>";
		};
		DD5FA79A27D3968F0086525C /* ChopeNews */ = {
			isa = PBXGroup;
			children = (
				DD5FA7C027D3AEA40086525C /* Common */,
				DD5FA7B027D396C00086525C /* Scene */,
				DD5FA7AF27D396B40086525C /* Resources */,
				DD5FA79B27D3968F0086525C /* AppDelegate.swift */,
				DD5FA79D27D3968F0086525C /* SceneDelegate.swift */,
			);
			path = ChopeNews;
			sourceTree = "<group>";
		};
		DD5FA7AF27D396B40086525C /* Resources */ = {
			isa = PBXGroup;
			children = (
				DD5FA7A427D3968F0086525C /* Assets.xcassets */,
				DD5FA7A627D3968F0086525C /* LaunchScreen.storyboard */,
				DD5FA7A927D3968F0086525C /* Info.plist */,
			);
			name = Resources;
			sourceTree = "<group>";
		};
		DD5FA7B027D396C00086525C /* Scene */ = {
			isa = PBXGroup;
			children = (
				DD5FA7B527D3AA280086525C /* Router.swift */,
				DD5FA7B427D3AA280086525C /* FeatureModule.swift */,
				DD5FA7D827D492EF0086525C /* NewsDetail */,
				DD5FA7CC27D3B5EB0086525C /* CommonUI */,
				DD5FA7B127D396CC0086525C /* NewsList */,
				DD5FA7D627D3C0140086525C /* BaseViewModel.swift */,
			);
			path = Scene;
			sourceTree = "<group>";
		};
		DD5FA7B127D396CC0086525C /* NewsList */ = {
			isa = PBXGroup;
			children = (
				DD5FA7B827D3AA3A0086525C /* NewListModule.swift */,
				DD5FA7BA27D3AABC0086525C /* NewsListViewController.swift */,
				DD5FA7BC27D3AAD70086525C /* NewListViewModel.swift */,
				DD5FA7BE27D3AB060086525C /* NewsListRouter.swift */,
			);
			path = NewsList;
			sourceTree = "<group>";
		};
		DD5FA7C027D3AEA40086525C /* Common */ = {
			isa = PBXGroup;
			children = (
				DD5FA7C127D3AEB00086525C /* Loadable.swift */,
			);
			path = Common;
			sourceTree = "<group>";
		};
		DD5FA7C327D3B55C0086525C /* Frameworks */ = {
			isa = PBXGroup;
			children = (
			);
			name = Frameworks;
			sourceTree = "<group>";
		};
		DD5FA7CC27D3B5EB0086525C /* CommonUI */ = {
			isa = PBXGroup;
			children = (
				DD5FA7CD27D3B6060086525C /* NewsRowConfiguration.swift */,
				DD5FA7D427D3BD8D0086525C /* HoleRowConfiguration.swift */,
			);
			path = CommonUI;
			sourceTree = "<group>";
		};
		DD5FA7D827D492EF0086525C /* NewsDetail */ = {
			isa = PBXGroup;
			children = (
				DD5FA7D927D493040086525C /* NewsDetailModule.swift */,
				DD5FA7DB27D493700086525C /* NewsDetailViewController.swift */,
				DD5FA7DD27D493790086525C /* NewsDetailViewModel.swift */,
				DD5FA7DF27D493840086525C /* NewsDetailRouter.swift */,
			);
			path = NewsDetail;
			sourceTree = "<group>";
		};
/* End PBXGroup section */

/* Begin PBXNativeTarget section */
		DD5FA79727D3968F0086525C /* ChopeNews */ = {
			isa = PBXNativeTarget;
			buildConfigurationList = DD5FA7AC27D3968F0086525C /* Build configuration list for PBXNativeTarget "ChopeNews" */;
			buildPhases = (
				DD5FA79427D3968F0086525C /* Sources */,
				DD5FA79527D3968F0086525C /* Frameworks */,
				DD5FA79627D3968F0086525C /* Resources */,
			);
			buildRules = (
			);
			dependencies = (
			);
			name = ChopeNews;
			packageProductDependencies = (
				DD5FA7C427D3B55C0086525C /* Core */,
				DD5FA7C627D3B55C0086525C /* HTTPClient */,
				DD5FA7C827D3B55C0086525C /* RemoteRepository */,
				DD5FA7CA27D3B55C0086525C /* Repository */,
				DD5FA7D027D3B8520086525C /* Kingfisher */,
			);
			productName = ChopeNews;
			productReference = DD5FA79827D3968F0086525C /* ChopeNews.app */;
			productType = "com.apple.product-type.application";
		};
/* End PBXNativeTarget section */

/* Begin PBXProject section */
		DD5FA79027D3968F0086525C /* Project object */ = {
			isa = PBXProject;
			attributes = {
				BuildIndependentTargetsInParallel = 1;
				LastSwiftUpdateCheck = 1320;
				LastUpgradeCheck = 1320;
				TargetAttributes = {
					DD5FA79727D3968F0086525C = {
						CreatedOnToolsVersion = 13.2.1;
					};
				};
			};
			buildConfigurationList = DD5FA79327D3968F0086525C /* Build configuration list for PBXProject "ChopeNews" */;
			compatibilityVersion = "Xcode 13.0";
			developmentRegion = en;
			hasScannedForEncodings = 0;
			knownRegions = (
				en,
				Base,
			);
			mainGroup = DD5FA78F27D3968F0086525C;
			packageReferences = (
				DD5FA7CF27D3B8520086525C /* XCRemoteSwiftPackageReference "Kingfisher" */,
			);
			productRefGroup = DD5FA79927D3968F0086525C /* Products */;
			projectDirPath = "";
			projectRoot = "";
			targets = (
				DD5FA79727D3968F0086525C /* ChopeNews */,
			);
		};
/* End PBXProject section */

/* Begin PBXResourcesBuildPhase section */
		DD5FA79627D3968F0086525C /* Resources */ = {
			isa = PBXResourcesBuildPhase;
			buildActionMask = 2147483647;
			files = (
				DD5FA7A827D3968F0086525C /* LaunchScreen.storyboard in Resources */,
				DD5FA7A527D3968F0086525C /* Assets.xcassets in Resources */,
			);
			runOnlyForDeploymentPostprocessing = 0;
		};
/* End PBXResourcesBuildPhase section */

/* Begin PBXSourcesBuildPhase section */
		DD5FA79427D3968F0086525C /* Sources */ = {
			isa = PBXSourcesBuildPhase;
			buildActionMask = 2147483647;
			files = (
				DD5FA7D527D3BD8D0086525C /* HoleRowConfiguration.swift in Sources */,
				DD5FA7B627D3AA280086525C /* FeatureModule.swift in Sources */,
				DD5FA7E027D493840086525C /* NewsDetailRouter.swift in Sources */,
				DD5FA7B927D3AA3A0086525C /* NewListModule.swift in Sources */,
				DD5FA7C227D3AEB00086525C /* Loadable.swift in Sources */,
				DD5FA7BD27D3AAD70086525C /* NewListViewModel.swift in Sources */,
				DD5FA7D727D3C0140086525C /* BaseViewModel.swift in Sources */,
				DD5FA7DA27D493040086525C /* NewsDetailModule.swift in Sources */,
				DD5FA7BB27D3AABC0086525C /* NewsListViewController.swift in Sources */,
				DD5FA7B727D3AA280086525C /* Router.swift in Sources */,
				DD5FA7BF27D3AB060086525C /* NewsListRouter.swift in Sources */,
				DD5FA7DC27D493700086525C /* NewsDetailViewController.swift in Sources */,
				DD5FA79C27D3968F0086525C /* AppDelegate.swift in Sources */,
				DD5FA7DE27D493790086525C /* NewsDetailViewModel.swift in Sources */,
				DD5FA7CE27D3B6060086525C /* NewsRowConfiguration.swift in Sources */,
				DD5FA79E27D3968F0086525C /* SceneDelegate.swift in Sources */,
			);
			runOnlyForDeploymentPostprocessing = 0;
		};
/* End PBXSourcesBuildPhase section */

/* Begin PBXVariantGroup section */
		DD5FA7A627D3968F0086525C /* LaunchScreen.storyboard */ = {
			isa = PBXVariantGroup;
			children = (
				DD5FA7A727D3968F0086525C /* Base */,
			);
			name = LaunchScreen.storyboard;
			sourceTree = "<group>";
		};
/* End PBXVariantGroup section */

/* Begin XCBuildConfiguration section */
		DD5FA7AA27D3968F0086525C /* Debug */ = {
			isa = XCBuildConfiguration;
			buildSettings = {
				ALWAYS_SEARCH_USER_PATHS = NO;
				CLANG_ANALYZER_NONNULL = YES;
				CLANG_ANALYZER_NUMBER_OBJECT_CONVERSION = YES_AGGRESSIVE;
				CLANG_CXX_LANGUAGE_STANDARD = "gnu++17";
				CLANG_CXX_LIBRARY = "libc++";
				CLANG_ENABLE_MODULES = YES;
				CLANG_ENABLE_OBJC_ARC = YES;
				CLANG_ENABLE_OBJC_WEAK = YES;
				CLANG_WARN_BLOCK_CAPTURE_AUTORELEASING = YES;
				CLANG_WARN_BOOL_CONVERSION = YES;
				CLANG_WARN_COMMA = YES;
				CLANG_WARN_CONSTANT_CONVERSION = YES;
				CLANG_WARN_DEPRECATED_OBJC_IMPLEMENTATIONS = YES;
				CLANG_WARN_DIRECT_OBJC_ISA_USAGE = YES_ERROR;
				CLANG_WARN_DOCUMENTATION_COMMENTS = YES;
				CLANG_WARN_EMPTY_BODY = YES;
				CLANG_WARN_ENUM_CONVERSION = YES;
				CLANG_WARN_INFINITE_RECURSION = YES;
				CLANG_WARN_INT_CONVERSION = YES;
				CLANG_WARN_NON_LITERAL_NULL_CONVERSION = YES;
				CLANG_WARN_OBJC_IMPLICIT_RETAIN_SELF = YES;
				CLANG_WARN_OBJC_LITERAL_CONVERSION = YES;
				CLANG_WARN_OBJC_ROOT_CLASS = YES_ERROR;
				CLANG_WARN_QUOTED_INCLUDE_IN_FRAMEWORK_HEADER = YES;
				CLANG_WARN_RANGE_LOOP_ANALYSIS = YES;
				CLANG_WARN_STRICT_PROTOTYPES = YES;
				CLANG_WARN_SUSPICIOUS_MOVE = YES;
				CLANG_WARN_UNGUARDED_AVAILABILITY = YES_AGGRESSIVE;
				CLANG_WARN_UNREACHABLE_CODE = YES;
				CLANG_WARN__DUPLICATE_METHOD_MATCH = YES;
				COPY_PHASE_STRIP = NO;
				DEBUG_INFORMATION_FORMAT = dwarf;
				ENABLE_STRICT_OBJC_MSGSEND = YES;
				ENABLE_TESTABILITY = YES;
				GCC_C_LANGUAGE_STANDARD = gnu11;
				GCC_DYNAMIC_NO_PIC = NO;
				GCC_NO_COMMON_BLOCKS = YES;
				GCC_OPTIMIZATION_LEVEL = 0;
				GCC_PREPROCESSOR_DEFINITIONS = (
					"DEBUG=1",
					"$(inherited)",
				);
				GCC_WARN_64_TO_32_BIT_CONVERSION = YES;
				GCC_WARN_ABOUT_RETURN_TYPE = YES_ERROR;
				GCC_WARN_UNDECLARED_SELECTOR = YES;
				GCC_WARN_UNINITIALIZED_AUTOS = YES_AGGRESSIVE;
				GCC_WARN_UNUSED_FUNCTION = YES;
				GCC_WARN_UNUSED_VARIABLE = YES;
				IPHONEOS_DEPLOYMENT_TARGET = 15.2;
				MTL_ENABLE_DEBUG_INFO = INCLUDE_SOURCE;
				MTL_FAST_MATH = YES;
				ONLY_ACTIVE_ARCH = YES;
				SDKROOT = iphoneos;
				SWIFT_ACTIVE_COMPILATION_CONDITIONS = DEBUG;
				SWIFT_OPTIMIZATION_LEVEL = "-Onone";
			};
			name = Debug;
		};
		DD5FA7AB27D3968F0086525C /* Release */ = {
			isa = XCBuildConfiguration;
			buildSettings = {
				ALWAYS_SEARCH_USER_PATHS = NO;
				CLANG_ANALYZER_NONNULL = YES;
				CLANG_ANALYZER_NUMBER_OBJECT_CONVERSION = YES_AGGRESSIVE;
				CLANG_CXX_LANGUAGE_STANDARD = "gnu++17";
				CLANG_CXX_LIBRARY = "libc++";
				CLANG_ENABLE_MODULES = YES;
				CLANG_ENABLE_OBJC_ARC = YES;
				CLANG_ENABLE_OBJC_WEAK = YES;
				CLANG_WARN_BLOCK_CAPTURE_AUTORELEASING = YES;
				CLANG_WARN_BOOL_CONVERSION = YES;
				CLANG_WARN_COMMA = YES;
				CLANG_WARN_CONSTANT_CONVERSION = YES;
				CLANG_WARN_DEPRECATED_OBJC_IMPLEMENTATIONS = YES;
				CLANG_WARN_DIRECT_OBJC_ISA_USAGE = YES_ERROR;
				CLANG_WARN_DOCUMENTATION_COMMENTS = YES;
				CLANG_WARN_EMPTY_BODY = YES;
				CLANG_WARN_ENUM_CONVERSION = YES;
				CLANG_WARN_INFINITE_RECURSION = YES;
				CLANG_WARN_INT_CONVERSION = YES;
				CLANG_WARN_NON_LITERAL_NULL_CONVERSION = YES;
				CLANG_WARN_OBJC_IMPLICIT_RETAIN_SELF = YES;
				CLANG_WARN_OBJC_LITERAL_CONVERSION = YES;
				CLANG_WARN_OBJC_ROOT_CLASS = YES_ERROR;
				CLANG_WARN_QUOTED_INCLUDE_IN_FRAMEWORK_HEADER = YES;
				CLANG_WARN_RANGE_LOOP_ANALYSIS = YES;
				CLANG_WARN_STRICT_PROTOTYPES = YES;
				CLANG_WARN_SUSPICIOUS_MOVE = YES;
				CLANG_WARN_UNGUARDED_AVAILABILITY = YES_AGGRESSIVE;
				CLANG_WARN_UNREACHABLE_CODE = YES;
				CLANG_WARN__DUPLICATE_METHOD_MATCH = YES;
				COPY_PHASE_STRIP = NO;
				DEBUG_INFORMATION_FORMAT = "dwarf-with-dsym";
				ENABLE_NS_ASSERTIONS = NO;
				ENABLE_STRICT_OBJC_MSGSEND = YES;
				GCC_C_LANGUAGE_STANDARD = gnu11;
				GCC_NO_COMMON_BLOCKS = YES;
				GCC_WARN_64_TO_32_BIT_CONVERSION = YES;
				GCC_WARN_ABOUT_RETURN_TYPE = YES_ERROR;
				GCC_WARN_UNDECLARED_SELECTOR = YES;
				GCC_WARN_UNINITIALIZED_AUTOS = YES_AGGRESSIVE;
				GCC_WARN_UNUSED_FUNCTION = YES;
				GCC_WARN_UNUSED_VARIABLE = YES;
				IPHONEOS_DEPLOYMENT_TARGET = 15.2;
				MTL_ENABLE_DEBUG_INFO = NO;
				MTL_FAST_MATH = YES;
				SDKROOT = iphoneos;
				SWIFT_COMPILATION_MODE = wholemodule;
				SWIFT_OPTIMIZATION_LEVEL = "-O";
				VALIDATE_PRODUCT = YES;
			};
			name = Release;
		};
		DD5FA7AD27D3968F0086525C /* Debug */ = {
			isa = XCBuildConfiguration;
			buildSettings = {
				ASSETCATALOG_COMPILER_APPICON_NAME = AppIcon;
				ASSETCATALOG_COMPILER_GLOBAL_ACCENT_COLOR_NAME = AccentColor;
				CODE_SIGN_STYLE = Automatic;
				CURRENT_PROJECT_VERSION = 1;
				GENERATE_INFOPLIST_FILE = YES;
				INFOPLIST_FILE = ChopeNews/Info.plist;
				INFOPLIST_KEY_UIApplicationSupportsIndirectInputEvents = YES;
				INFOPLIST_KEY_UILaunchStoryboardName = LaunchScreen;
				INFOPLIST_KEY_UISupportedInterfaceOrientations_iPad = "UIInterfaceOrientationPortrait UIInterfaceOrientationPortraitUpsideDown UIInterfaceOrientationLandscapeLeft UIInterfaceOrientationLandscapeRight";
				INFOPLIST_KEY_UISupportedInterfaceOrientations_iPhone = "UIInterfaceOrientationPortrait UIInterfaceOrientationLandscapeLeft UIInterfaceOrientationLandscapeRight";
				LD_RUNPATH_SEARCH_PATHS = (
					"$(inherited)",
					"@executable_path/Frameworks",
				);
				MARKETING_VERSION = 1.0;
				PRODUCT_BUNDLE_IDENTIFIER = me.example.ChopeNews;
				PRODUCT_NAME = "$(TARGET_NAME)";
				SWIFT_EMIT_LOC_STRINGS = YES;
				SWIFT_VERSION = 5.0;
				TARGETED_DEVICE_FAMILY = "1,2";
			};
			name = Debug;
		};
		DD5FA7AE27D3968F0086525C /* Release */ = {
			isa = XCBuildConfiguration;
			buildSettings = {
				ASSETCATALOG_COMPILER_APPICON_NAME = AppIcon;
				ASSETCATALOG_COMPILER_GLOBAL_ACCENT_COLOR_NAME = AccentColor;
				CODE_SIGN_STYLE = Automatic;
				CURRENT_PROJECT_VERSION = 1;
				GENERATE_INFOPLIST_FILE = YES;
				INFOPLIST_FILE = ChopeNews/Info.plist;
				INFOPLIST_KEY_UIApplicationSupportsIndirectInputEvents = YES;
				INFOPLIST_KEY_UILaunchStoryboardName = LaunchScreen;
				INFOPLIST_KEY_UISupportedInterfaceOrientations_iPad = "UIInterfaceOrientationPortrait UIInterfaceOrientationPortraitUpsideDown UIInterfaceOrientationLandscapeLeft UIInterfaceOrientationLandscapeRight";
				INFOPLIST_KEY_UISupportedInterfaceOrientations_iPhone = "UIInterfaceOrientationPortrait UIInterfaceOrientationLandscapeLeft UIInterfaceOrientationLandscapeRight";
				LD_RUNPATH_SEARCH_PATHS = (
					"$(inherited)",
					"@executable_path/Frameworks",
				);
				MARKETING_VERSION = 1.0;
				PRODUCT_BUNDLE_IDENTIFIER = me.example.ChopeNews;
				PRODUCT_NAME = "$(TARGET_NAME)";
				SWIFT_EMIT_LOC_STRINGS = YES;
				SWIFT_VERSION = 5.0;
				TARGETED_DEVICE_FAMILY = "1,2";
			};
			name = Release;
		};
/* End XCBuildConfiguration section */

/* Begin XCConfigurationList section */
		DD5FA79327D3968F0086525C /* Build configuration list for PBXProject "ChopeNews" */ = {
			isa = XCConfigurationList;
			buildConfigurations = (
				DD5FA7AA27D3968F0086525C /* Debug */,
				DD5FA7AB27D3968F0086525C /* Release */,
			);
			defaultConfigurationIsVisible = 0;
			defaultConfigurationName = Release;
		};
		DD5FA7AC27D3968F0086525C /* Build configuration list for PBXNativeTarget "ChopeNews" */ = {
			isa = XCConfigurationList;
			buildConfigurations = (
				DD5FA7AD27D3968F0086525C /* Debug */,
				DD5FA7AE27D3968F0086525C /* Release */,
			);
			defaultConfigurationIsVisible = 0;
			defaultConfigurationName = Release;
		};
/* End XCConfigurationList section */

/* Begin XCRemoteSwiftPackageReference section */
		DD5FA7CF27D3B8520086525C /* XCRemoteSwiftPackageReference "Kingfisher" */ = {
			isa = XCRemoteSwiftPackageReference;
			repositoryURL = "https://github.com/onevcat/Kingfisher.git";
			requirement = {
				kind = upToNextMajorVersion;
				minimumVersion = 7.0.0;
			};
		};
/* End XCRemoteSwiftPackageReference section */

/* Begin XCSwiftPackageProductDependency section */
		DD5FA7C427D3B55C0086525C /* Core */ = {
			isa = XCSwiftPackageProductDependency;
			productName = Core;
		};
		DD5FA7C627D3B55C0086525C /* HTTPClient */ = {
			isa = XCSwiftPackageProductDependency;
			productName = HTTPClient;
		};
		DD5FA7C827D3B55C0086525C /* RemoteRepository */ = {
			isa = XCSwiftPackageProductDependency;
			productName = RemoteRepository;
		};
		DD5FA7CA27D3B55C0086525C /* Repository */ = {
			isa = XCSwiftPackageProductDependency;
			productName = Repository;
		};
		DD5FA7D027D3B8520086525C /* Kingfisher */ = {
			isa = XCSwiftPackageProductDependency;
			package = DD5FA7CF27D3B8520086525C /* XCRemoteSwiftPackageReference "Kingfisher" */;
			productName = Kingfisher;
		};
/* End XCSwiftPackageProductDependency section */
	};
	rootObject = DD5FA79027D3968F0086525C /* Project object */;
}
