// !$*UTF8*$!
{
	archiveVersion = 1;
	classes = {
	};
	objectVersion = 55;
	objects = {

/* Begin PBXBuildFile section */
		8B4B27BF27A5D18F00C06EB8 /* HomeViewController.swift in Sources */ = {isa = PBXBuildFile; fileRef = 8B4B27BE27A5D18F00C06EB8 /* HomeViewController.swift */; };
		8B4B27DB27A6863300C06EB8 /* HomeRoute.swift in Sources */ = {isa = PBXBuildFile; fileRef = 8B4B27DA27A6863300C06EB8 /* HomeRoute.swift */; };
		8B4B27DD27A686E200C06EB8 /* HomeViewModel.swift in Sources */ = {isa = PBXBuildFile; fileRef = 8B4B27DC27A686E200C06EB8 /* HomeViewModel.swift */; };
		8B4B27E027A68A3300C06EB8 /* CountryListViewController.swift in Sources */ = {isa = PBXBuildFile; fileRef = 8B4B27DF27A68A3300C06EB8 /* CountryListViewController.swift */; };
		8B4B27E227A68A5B00C06EB8 /* CountryListViewModel.swift in Sources */ = {isa = PBXBuildFile; fileRef = 8B4B27E127A68A5B00C06EB8 /* CountryListViewModel.swift */; };
		8B4B27E427A68ABF00C06EB8 /* CountryListRoute.swift in Sources */ = {isa = PBXBuildFile; fileRef = 8B4B27E327A68ABF00C06EB8 /* CountryListRoute.swift */; };
		8B6DCDFC27A6A59300413FBA /* Core in Frameworks */ = {isa = PBXBuildFile; productRef = 8B6DCDFB27A6A59300413FBA /* Core */; };
		8B6DCDFE27A6A59900413FBA /* HTTPClient in Frameworks */ = {isa = PBXBuildFile; productRef = 8B6DCDFD27A6A59900413FBA /* HTTPClient */; };
		8B6DCE0027A6A59C00413FBA /* Repository in Frameworks */ = {isa = PBXBuildFile; productRef = 8B6DCDFF27A6A59C00413FBA /* Repository */; };
		8B6DCE0227A6A59F00413FBA /* RemoteRepository in Frameworks */ = {isa = PBXBuildFile; productRef = 8B6DCE0127A6A59F00413FBA /* RemoteRepository */; };
		8B6DCE0627A6B77600413FBA /* CountryCell.swift in Sources */ = {isa = PBXBuildFile; fileRef = 8B6DCE0427A6B77600413FBA /* CountryCell.swift */; };
		8B6DCE0727A6B77600413FBA /* CountryCell.xib in Resources */ = {isa = PBXBuildFile; fileRef = 8B6DCE0527A6B77600413FBA /* CountryCell.xib */; };
		8B6DCE0927A6B8B700413FBA /* HomeViewContoller+TableViewDelegate&Datasource.swift in Sources */ = {isa = PBXBuildFile; fileRef = 8B6DCE0827A6B8B700413FBA /* HomeViewContoller+TableViewDelegate&Datasource.swift */; };
		8B6DCE0B27A6B9F500413FBA /* CountryCellViewModel.swift in Sources */ = {isa = PBXBuildFile; fileRef = 8B6DCE0A27A6B9F500413FBA /* CountryCellViewModel.swift */; };
		8B6DCE0D27A6CDDB00413FBA /* CountryListViewContoller+TableViewDelegate&Datasource.swift in Sources */ = {isa = PBXBuildFile; fileRef = 8B6DCE0C27A6CDDB00413FBA /* CountryListViewContoller+TableViewDelegate&Datasource.swift */; };
		8B6DCE1127A6CEC500413FBA /* MarkableCountryCell.swift in Sources */ = {isa = PBXBuildFile; fileRef = 8B6DCE0F27A6CEC500413FBA /* MarkableCountryCell.swift */; };
		8B6DCE1227A6CEC500413FBA /* MarkableCountryCell.xib in Resources */ = {isa = PBXBuildFile; fileRef = 8B6DCE1027A6CEC500413FBA /* MarkableCountryCell.xib */; };
		8B6DCE1427A6D21600413FBA /* MarkableCountryViewModel.swift in Sources */ = {isa = PBXBuildFile; fileRef = 8B6DCE1327A6D21600413FBA /* MarkableCountryViewModel.swift */; };
		8B7D5F9C27C77D0A00ECAEFB /* HomeModule.swift in Sources */ = {isa = PBXBuildFile; fileRef = 8B7D5F9B27C77D0A00ECAEFB /* HomeModule.swift */; };
		8B7D5F9E27C77D4A00ECAEFB /* FeatureModule.swift in Sources */ = {isa = PBXBuildFile; fileRef = 8B7D5F9D27C77D4A00ECAEFB /* FeatureModule.swift */; };
		8B7D5FA127C77ECE00ECAEFB /* Router.swift in Sources */ = {isa = PBXBuildFile; fileRef = 8B7D5FA027C77ECE00ECAEFB /* Router.swift */; };
		8B7D5FA427C7945200ECAEFB /* CountryListModule.swift in Sources */ = {isa = PBXBuildFile; fileRef = 8B7D5FA327C7945200ECAEFB /* CountryListModule.swift */; };
		8BCB97E327A533E700D1346D /* AppDelegate.swift in Sources */ = {isa = PBXBuildFile; fileRef = 8BCB97E227A533E700D1346D /* AppDelegate.swift */; };
		8BCB97E527A533E700D1346D /* SceneDelegate.swift in Sources */ = {isa = PBXBuildFile; fileRef = 8BCB97E427A533E700D1346D /* SceneDelegate.swift */; };
		8BCB97EC27A533E800D1346D /* Assets.xcassets in Resources */ = {isa = PBXBuildFile; fileRef = 8BCB97EB27A533E800D1346D /* Assets.xcassets */; };
		8BCB97EF27A533E800D1346D /* LaunchScreen.storyboard in Resources */ = {isa = PBXBuildFile; fileRef = 8BCB97ED27A533E800D1346D /* LaunchScreen.storyboard */; };
		8BCB97FA27A533E900D1346D /* CountriesTests.swift in Sources */ = {isa = PBXBuildFile; fileRef = 8BCB97F927A533E900D1346D /* CountriesTests.swift */; };
		8BCB980427A533E900D1346D /* CountriesUITests.swift in Sources */ = {isa = PBXBuildFile; fileRef = 8BCB980327A533E900D1346D /* CountriesUITests.swift */; };
		8BCB980627A533E900D1346D /* CountriesUITestsLaunchTests.swift in Sources */ = {isa = PBXBuildFile; fileRef = 8BCB980527A533E900D1346D /* CountriesUITestsLaunchTests.swift */; };
		DDFDD5EF27CBD65D005A9A4E /* HomeViewModelProtocol.swift in Sources */ = {isa = PBXBuildFile; fileRef = DDFDD5EE27CBD65D005A9A4E /* HomeViewModelProtocol.swift */; };
		DDFDD5F627CBD8BC005A9A4E /* CountryListViewModelProtocol.swift in Sources */ = {isa = PBXBuildFile; fileRef = DDFDD5F527CBD8BC005A9A4E /* CountryListViewModelProtocol.swift */; };
/* End PBXBuildFile section */

/* Begin PBXContainerItemProxy section */
		8BCB97F627A533E900D1346D /* PBXContainerItemProxy */ = {
			isa = PBXContainerItemProxy;
			containerPortal = 8BCB97D727A533E700D1346D /* Project object */;
			proxyType = 1;
			remoteGlobalIDString = 8BCB97DE27A533E700D1346D;
			remoteInfo = Countries;
		};
		8BCB980027A533E900D1346D /* PBXContainerItemProxy */ = {
			isa = PBXContainerItemProxy;
			containerPortal = 8BCB97D727A533E700D1346D /* Project object */;
			proxyType = 1;
			remoteGlobalIDString = 8BCB97DE27A533E700D1346D;
			remoteInfo = Countries;
		};
/* End PBXContainerItemProxy section */

/* Begin PBXFileReference section */
		8B4B27BE27A5D18F00C06EB8 /* HomeViewController.swift */ = {isa = PBXFileReference; lastKnownFileType = sourcecode.swift; path = HomeViewController.swift; sourceTree = "<group>"; };
		8B4B27DA27A6863300C06EB8 /* HomeRoute.swift */ = {isa = PBXFileReference; lastKnownFileType = sourcecode.swift; path = HomeRoute.swift; sourceTree = "<group>"; };
		8B4B27DC27A686E200C06EB8 /* HomeViewModel.swift */ = {isa = PBXFileReference; lastKnownFileType = sourcecode.swift; path = HomeViewModel.swift; sourceTree = "<group>"; };
		8B4B27DF27A68A3300C06EB8 /* CountryListViewController.swift */ = {isa = PBXFileReference; lastKnownFileType = sourcecode.swift; path = CountryListViewController.swift; sourceTree = "<group>"; };
		8B4B27E127A68A5B00C06EB8 /* CountryListViewModel.swift */ = {isa = PBXFileReference; lastKnownFileType = sourcecode.swift; path = CountryListViewModel.swift; sourceTree = "<group>"; };
		8B4B27E327A68ABF00C06EB8 /* CountryListRoute.swift */ = {isa = PBXFileReference; lastKnownFileType = sourcecode.swift; path = CountryListRoute.swift; sourceTree = "<group>"; };
		8B6DCE0427A6B77600413FBA /* CountryCell.swift */ = {isa = PBXFileReference; lastKnownFileType = sourcecode.swift; path = CountryCell.swift; sourceTree = "<group>"; };
		8B6DCE0527A6B77600413FBA /* CountryCell.xib */ = {isa = PBXFileReference; lastKnownFileType = file.xib; path = CountryCell.xib; sourceTree = "<group>"; };
		8B6DCE0827A6B8B700413FBA /* HomeViewContoller+TableViewDelegate&Datasource.swift */ = {isa = PBXFileReference; lastKnownFileType = sourcecode.swift; path = "HomeViewContoller+TableViewDelegate&Datasource.swift"; sourceTree = "<group>"; };
		8B6DCE0A27A6B9F500413FBA /* CountryCellViewModel.swift */ = {isa = PBXFileReference; lastKnownFileType = sourcecode.swift; path = CountryCellViewModel.swift; sourceTree = "<group>"; };
		8B6DCE0C27A6CDDB00413FBA /* CountryListViewContoller+TableViewDelegate&Datasource.swift */ = {isa = PBXFileReference; lastKnownFileType = sourcecode.swift; path = "CountryListViewContoller+TableViewDelegate&Datasource.swift"; sourceTree = "<group>"; };
		8B6DCE0F27A6CEC500413FBA /* MarkableCountryCell.swift */ = {isa = PBXFileReference; lastKnownFileType = sourcecode.swift; path = MarkableCountryCell.swift; sourceTree = "<group>"; };
		8B6DCE1027A6CEC500413FBA /* MarkableCountryCell.xib */ = {isa = PBXFileReference; lastKnownFileType = file.xib; path = MarkableCountryCell.xib; sourceTree = "<group>"; };
		8B6DCE1327A6D21600413FBA /* MarkableCountryViewModel.swift */ = {isa = PBXFileReference; lastKnownFileType = sourcecode.swift; path = MarkableCountryViewModel.swift; sourceTree = "<group>"; };
		8B7D5F9B27C77D0A00ECAEFB /* HomeModule.swift */ = {isa = PBXFileReference; lastKnownFileType = sourcecode.swift; path = HomeModule.swift; sourceTree = "<group>"; };
		8B7D5F9D27C77D4A00ECAEFB /* FeatureModule.swift */ = {isa = PBXFileReference; lastKnownFileType = sourcecode.swift; path = FeatureModule.swift; sourceTree = "<group>"; };
		8B7D5FA027C77ECE00ECAEFB /* Router.swift */ = {isa = PBXFileReference; lastKnownFileType = sourcecode.swift; path = Router.swift; sourceTree = "<group>"; };
		8B7D5FA327C7945200ECAEFB /* CountryListModule.swift */ = {isa = PBXFileReference; lastKnownFileType = sourcecode.swift; path = CountryListModule.swift; sourceTree = "<group>"; };
		8BCB97DF27A533E700D1346D /* Countries.app */ = {isa = PBXFileReference; explicitFileType = wrapper.application; includeInIndex = 0; path = Countries.app; sourceTree = BUILT_PRODUCTS_DIR; };
		8BCB97E227A533E700D1346D /* AppDelegate.swift */ = {isa = PBXFileReference; lastKnownFileType = sourcecode.swift; path = AppDelegate.swift; sourceTree = "<group>"; };
		8BCB97E427A533E700D1346D /* SceneDelegate.swift */ = {isa = PBXFileReference; lastKnownFileType = sourcecode.swift; path = SceneDelegate.swift; sourceTree = "<group>"; };
		8BCB97EB27A533E800D1346D /* Assets.xcassets */ = {isa = PBXFileReference; lastKnownFileType = folder.assetcatalog; path = Assets.xcassets; sourceTree = "<group>"; };
		8BCB97EE27A533E800D1346D /* Base */ = {isa = PBXFileReference; lastKnownFileType = file.storyboard; name = Base; path = Base.lproj/LaunchScreen.storyboard; sourceTree = "<group>"; };
		8BCB97F027A533E800D1346D /* Info.plist */ = {isa = PBXFileReference; lastKnownFileType = text.plist.xml; path = Info.plist; sourceTree = "<group>"; };
		8BCB97F527A533E900D1346D /* CountriesTests.xctest */ = {isa = PBXFileReference; explicitFileType = wrapper.cfbundle; includeInIndex = 0; path = CountriesTests.xctest; sourceTree = BUILT_PRODUCTS_DIR; };
		8BCB97F927A533E900D1346D /* CountriesTests.swift */ = {isa = PBXFileReference; lastKnownFileType = sourcecode.swift; path = CountriesTests.swift; sourceTree = "<group>"; };
		8BCB97FF27A533E900D1346D /* CountriesUITests.xctest */ = {isa = PBXFileReference; explicitFileType = wrapper.cfbundle; includeInIndex = 0; path = CountriesUITests.xctest; sourceTree = BUILT_PRODUCTS_DIR; };
		8BCB980327A533E900D1346D /* CountriesUITests.swift */ = {isa = PBXFileReference; lastKnownFileType = sourcecode.swift; path = CountriesUITests.swift; sourceTree = "<group>"; };
		8BCB980527A533E900D1346D /* CountriesUITestsLaunchTests.swift */ = {isa = PBXFileReference; lastKnownFileType = sourcecode.swift; path = CountriesUITestsLaunchTests.swift; sourceTree = "<group>"; };
		DDFDD5EE27CBD65D005A9A4E /* HomeViewModelProtocol.swift */ = {isa = PBXFileReference; lastKnownFileType = sourcecode.swift; path = HomeViewModelProtocol.swift; sourceTree = "<group>"; };
		DDFDD5F527CBD8BC005A9A4E /* CountryListViewModelProtocol.swift */ = {isa = PBXFileReference; lastKnownFileType = sourcecode.swift; path = CountryListViewModelProtocol.swift; sourceTree = "<group>"; };
/* End PBXFileReference section */

/* Begin PBXFrameworksBuildPhase section */
		8BCB97DC27A533E700D1346D /* Frameworks */ = {
			isa = PBXFrameworksBuildPhase;
			buildActionMask = 2147483647;
			files = (
				8B6DCE0227A6A59F00413FBA /* RemoteRepository in Frameworks */,
				8B6DCDFC27A6A59300413FBA /* Core in Frameworks */,
				8B6DCDFE27A6A59900413FBA /* HTTPClient in Frameworks */,
				8B6DCE0027A6A59C00413FBA /* Repository in Frameworks */,
			);
			runOnlyForDeploymentPostprocessing = 0;
		};
		8BCB97F227A533E900D1346D /* Frameworks */ = {
			isa = PBXFrameworksBuildPhase;
			buildActionMask = 2147483647;
			files = (
			);
			runOnlyForDeploymentPostprocessing = 0;
		};
		8BCB97FC27A533E900D1346D /* Frameworks */ = {
			isa = PBXFrameworksBuildPhase;
			buildActionMask = 2147483647;
			files = (
			);
			runOnlyForDeploymentPostprocessing = 0;
		};
/* End PBXFrameworksBuildPhase section */

/* Begin PBXGroup section */
		8B4B27C027A5D21A00C06EB8 /* Resourses */ = {
			isa = PBXGroup;
			children = (
			);
			name = Resourses;
			sourceTree = "<group>";
		};
		8B4B27C227A5D30300C06EB8 /* App */ = {
			isa = PBXGroup;
			children = (
				8BCB97E227A533E700D1346D /* AppDelegate.swift */,
				8BCB97E427A533E700D1346D /* SceneDelegate.swift */,
			);
			name = App;
			sourceTree = "<group>";
		};
		8B4B27C327A5D31000C06EB8 /* Module */ = {
			isa = PBXGroup;
			children = (
				8B4B27DE27A6894100C06EB8 /* CountryList */,
				8B4B27C427A5E40F00C06EB8 /* Home */,
				8B7D5F9D27C77D4A00ECAEFB /* FeatureModule.swift */,
				8B7D5FA027C77ECE00ECAEFB /* Router.swift */,
			);
			path = Module;
			sourceTree = "<group>";
		};
		8B4B27C427A5E40F00C06EB8 /* Home */ = {
			isa = PBXGroup;
			children = (
				DDFDD5F227CBD709005A9A4E /* ViewModel */,
				DDFDD5F127CBD6F6005A9A4E /* Datasource */,
				8B6DCE0327A6AD6D00413FBA /* Cell */,
				8B4B27BE27A5D18F00C06EB8 /* HomeViewController.swift */,
				8B4B27DA27A6863300C06EB8 /* HomeRoute.swift */,
				8B7D5F9B27C77D0A00ECAEFB /* HomeModule.swift */,
			);
			path = Home;
			sourceTree = "<group>";
		};
		8B4B27DE27A6894100C06EB8 /* CountryList */ = {
			isa = PBXGroup;
			children = (
				DDFDD5F427CBD74F005A9A4E /* ViewModel */,
				8B6DCE0E27A6CEA100413FBA /* Cell */,
				8B4B27DF27A68A3300C06EB8 /* CountryListViewController.swift */,
				8B4B27E327A68ABF00C06EB8 /* CountryListRoute.swift */,
				8B6DCE0C27A6CDDB00413FBA /* CountryListViewContoller+TableViewDelegate&Datasource.swift */,
				8B7D5FA327C7945200ECAEFB /* CountryListModule.swift */,
			);
			path = CountryList;
			sourceTree = "<group>";
		};
		8B6DCDFA27A6A59300413FBA /* Frameworks */ = {
			isa = PBXGroup;
			children = (
			);
			name = Frameworks;
			sourceTree = "<group>";
		};
		8B6DCE0327A6AD6D00413FBA /* Cell */ = {
			isa = PBXGroup;
			children = (
				8B6DCE0427A6B77600413FBA /* CountryCell.swift */,
				8B6DCE0527A6B77600413FBA /* CountryCell.xib */,
				8B6DCE0A27A6B9F500413FBA /* CountryCellViewModel.swift */,
			);
			path = Cell;
			sourceTree = "<group>";
		};
		8B6DCE0E27A6CEA100413FBA /* Cell */ = {
			isa = PBXGroup;
			children = (
				8B6DCE0F27A6CEC500413FBA /* MarkableCountryCell.swift */,
				8B6DCE1027A6CEC500413FBA /* MarkableCountryCell.xib */,
				8B6DCE1327A6D21600413FBA /* MarkableCountryViewModel.swift */,
			);
			path = Cell;
			sourceTree = "<group>";
		};
		8BCB97D627A533E700D1346D = {
			isa = PBXGroup;
			children = (
				8BCB97E127A533E700D1346D /* Countries */,
				8BCB97F827A533E900D1346D /* CountriesTests */,
				8BCB980227A533E900D1346D /* CountriesUITests */,
				8BCB97E027A533E700D1346D /* Products */,
				8B6DCDFA27A6A59300413FBA /* Frameworks */,
			);
			sourceTree = "<group>";
		};
		8BCB97E027A533E700D1346D /* Products */ = {
			isa = PBXGroup;
			children = (
				8BCB97DF27A533E700D1346D /* Countries.app */,
				8BCB97F527A533E900D1346D /* CountriesTests.xctest */,
				8BCB97FF27A533E900D1346D /* CountriesUITests.xctest */,
			);
			name = Products;
			sourceTree = "<group>";
		};
		8BCB97E127A533E700D1346D /* Countries */ = {
			isa = PBXGroup;
			children = (
				8BCB97F027A533E800D1346D /* Info.plist */,
				8BCB97EB27A533E800D1346D /* Assets.xcassets */,
				8BCB97ED27A533E800D1346D /* LaunchScreen.storyboard */,
				8B4B27C327A5D31000C06EB8 /* Module */,
				8B4B27C227A5D30300C06EB8 /* App */,
				8B4B27C027A5D21A00C06EB8 /* Resourses */,
			);
			path = Countries;
			sourceTree = "<group>";
		};
		8BCB97F827A533E900D1346D /* CountriesTests */ = {
			isa = PBXGroup;
			children = (
				8BCB97F927A533E900D1346D /* CountriesTests.swift */,
			);
			path = CountriesTests;
			sourceTree = "<group>";
		};
		8BCB980227A533E900D1346D /* CountriesUITests */ = {
			isa = PBXGroup;
			children = (
				8BCB980327A533E900D1346D /* CountriesUITests.swift */,
				8BCB980527A533E900D1346D /* CountriesUITestsLaunchTests.swift */,
			);
			path = CountriesUITests;
			sourceTree = "<group>";
		};
		DDFDD5F127CBD6F6005A9A4E /* Datasource */ = {
			isa = PBXGroup;
			children = (
				8B6DCE0827A6B8B700413FBA /* HomeViewContoller+TableViewDelegate&Datasource.swift */,
			);
			name = Datasource;
			sourceTree = "<group>";
		};
		DDFDD5F227CBD709005A9A4E /* ViewModel */ = {
			isa = PBXGroup;
			children = (
				8B4B27DC27A686E200C06EB8 /* HomeViewModel.swift */,
				DDFDD5EE27CBD65D005A9A4E /* HomeViewModelProtocol.swift */,
			);
			name = ViewModel;
			sourceTree = "<group>";
		};
		DDFDD5F427CBD74F005A9A4E /* ViewModel */ = {
			isa = PBXGroup;
			children = (
				8B4B27E127A68A5B00C06EB8 /* CountryListViewModel.swift */,
				DDFDD5F527CBD8BC005A9A4E /* CountryListViewModelProtocol.swift */,
			);
			name = ViewModel;
			sourceTree = "<group>";
		};
/* End PBXGroup section */

/* Begin PBXNativeTarget section */
		8BCB97DE27A533E700D1346D /* Countries */ = {
			isa = PBXNativeTarget;
			buildConfigurationList = 8BCB980927A533E900D1346D /* Build configuration list for PBXNativeTarget "Countries" */;
			buildPhases = (
				8BCB97DB27A533E700D1346D /* Sources */,
				8BCB97DC27A533E700D1346D /* Frameworks */,
				8BCB97DD27A533E700D1346D /* Resources */,
			);
			buildRules = (
			);
			dependencies = (
			);
			name = Countries;
			packageProductDependencies = (
				8B6DCDFB27A6A59300413FBA /* Core */,
				8B6DCDFD27A6A59900413FBA /* HTTPClient */,
				8B6DCDFF27A6A59C00413FBA /* Repository */,
				8B6DCE0127A6A59F00413FBA /* RemoteRepository */,
			);
			productName = Countries;
			productReference = 8BCB97DF27A533E700D1346D /* Countries.app */;
			productType = "com.apple.product-type.application";
		};
		8BCB97F427A533E900D1346D /* CountriesTests */ = {
			isa = PBXNativeTarget;
			buildConfigurationList = 8BCB980C27A533E900D1346D /* Build configuration list for PBXNativeTarget "CountriesTests" */;
			buildPhases = (
				8BCB97F127A533E900D1346D /* Sources */,
				8BCB97F227A533E900D1346D /* Frameworks */,
				8BCB97F327A533E900D1346D /* Resources */,
			);
			buildRules = (
			);
			dependencies = (
				8BCB97F727A533E900D1346D /* PBXTargetDependency */,
			);
			name = CountriesTests;
			productName = CountriesTests;
			productReference = 8BCB97F527A533E900D1346D /* CountriesTests.xctest */;
			productType = "com.apple.product-type.bundle.unit-test";
		};
		8BCB97FE27A533E900D1346D /* CountriesUITests */ = {
			isa = PBXNativeTarget;
			buildConfigurationList = 8BCB980F27A533E900D1346D /* Build configuration list for PBXNativeTarget "CountriesUITests" */;
			buildPhases = (
				8BCB97FB27A533E900D1346D /* Sources */,
				8BCB97FC27A533E900D1346D /* Frameworks */,
				8BCB97FD27A533E900D1346D /* Resources */,
			);
			buildRules = (
			);
			dependencies = (
				8BCB980127A533E900D1346D /* PBXTargetDependency */,
			);
			name = CountriesUITests;
			productName = CountriesUITests;
			productReference = 8BCB97FF27A533E900D1346D /* CountriesUITests.xctest */;
			productType = "com.apple.product-type.bundle.ui-testing";
		};
/* End PBXNativeTarget section */

/* Begin PBXProject section */
		8BCB97D727A533E700D1346D /* Project object */ = {
			isa = PBXProject;
			attributes = {
				BuildIndependentTargetsInParallel = 1;
				LastSwiftUpdateCheck = 1320;
				LastUpgradeCheck = 1320;
				TargetAttributes = {
					8BCB97DE27A533E700D1346D = {
						CreatedOnToolsVersion = 13.2.1;
					};
					8BCB97F427A533E900D1346D = {
						CreatedOnToolsVersion = 13.2.1;
						TestTargetID = 8BCB97DE27A533E700D1346D;
					};
					8BCB97FE27A533E900D1346D = {
						CreatedOnToolsVersion = 13.2.1;
						TestTargetID = 8BCB97DE27A533E700D1346D;
					};
				};
			};
			buildConfigurationList = 8BCB97DA27A533E700D1346D /* Build configuration list for PBXProject "Countries" */;
			compatibilityVersion = "Xcode 13.0";
			developmentRegion = en;
			hasScannedForEncodings = 0;
			knownRegions = (
				en,
				Base,
			);
			mainGroup = 8BCB97D627A533E700D1346D;
			productRefGroup = 8BCB97E027A533E700D1346D /* Products */;
			projectDirPath = "";
			projectRoot = "";
			targets = (
				8BCB97DE27A533E700D1346D /* Countries */,
				8BCB97F427A533E900D1346D /* CountriesTests */,
				8BCB97FE27A533E900D1346D /* CountriesUITests */,
			);
		};
/* End PBXProject section */

/* Begin PBXResourcesBuildPhase section */
		8BCB97DD27A533E700D1346D /* Resources */ = {
			isa = PBXResourcesBuildPhase;
			buildActionMask = 2147483647;
			files = (
				8B6DCE0727A6B77600413FBA /* CountryCell.xib in Resources */,
				8BCB97EF27A533E800D1346D /* LaunchScreen.storyboard in Resources */,
				8BCB97EC27A533E800D1346D /* Assets.xcassets in Resources */,
				8B6DCE1227A6CEC500413FBA /* MarkableCountryCell.xib in Resources */,
			);
			runOnlyForDeploymentPostprocessing = 0;
		};
		8BCB97F327A533E900D1346D /* Resources */ = {
			isa = PBXResourcesBuildPhase;
			buildActionMask = 2147483647;
			files = (
			);
			runOnlyForDeploymentPostprocessing = 0;
		};
		8BCB97FD27A533E900D1346D /* Resources */ = {
			isa = PBXResourcesBuildPhase;
			buildActionMask = 2147483647;
			files = (
			);
			runOnlyForDeploymentPostprocessing = 0;
		};
/* End PBXResourcesBuildPhase section */

/* Begin PBXSourcesBuildPhase section */
		8BCB97DB27A533E700D1346D /* Sources */ = {
			isa = PBXSourcesBuildPhase;
			buildActionMask = 2147483647;
			files = (
				8B7D5FA127C77ECE00ECAEFB /* Router.swift in Sources */,
				8B7D5F9C27C77D0A00ECAEFB /* HomeModule.swift in Sources */,
				8B6DCE1127A6CEC500413FBA /* MarkableCountryCell.swift in Sources */,
				DDFDD5F627CBD8BC005A9A4E /* CountryListViewModelProtocol.swift in Sources */,
				8B4B27DD27A686E200C06EB8 /* HomeViewModel.swift in Sources */,
				8B4B27E427A68ABF00C06EB8 /* CountryListRoute.swift in Sources */,
				8B7D5FA427C7945200ECAEFB /* CountryListModule.swift in Sources */,
				8B6DCE0B27A6B9F500413FBA /* CountryCellViewModel.swift in Sources */,
				8B6DCE0D27A6CDDB00413FBA /* CountryListViewContoller+TableViewDelegate&Datasource.swift in Sources */,
				8B6DCE0627A6B77600413FBA /* CountryCell.swift in Sources */,
				8BCB97E327A533E700D1346D /* AppDelegate.swift in Sources */,
				8B6DCE1427A6D21600413FBA /* MarkableCountryViewModel.swift in Sources */,
				8B4B27E027A68A3300C06EB8 /* CountryListViewController.swift in Sources */,
				8B4B27E227A68A5B00C06EB8 /* CountryListViewModel.swift in Sources */,
				DDFDD5EF27CBD65D005A9A4E /* HomeViewModelProtocol.swift in Sources */,
				8B4B27BF27A5D18F00C06EB8 /* HomeViewController.swift in Sources */,
				8B6DCE0927A6B8B700413FBA /* HomeViewContoller+TableViewDelegate&Datasource.swift in Sources */,
				8B7D5F9E27C77D4A00ECAEFB /* FeatureModule.swift in Sources */,
				8B4B27DB27A6863300C06EB8 /* HomeRoute.swift in Sources */,
				8BCB97E527A533E700D1346D /* SceneDelegate.swift in Sources */,
			);
			runOnlyForDeploymentPostprocessing = 0;
		};
		8BCB97F127A533E900D1346D /* Sources */ = {
			isa = PBXSourcesBuildPhase;
			buildActionMask = 2147483647;
			files = (
				8BCB97FA27A533E900D1346D /* CountriesTests.swift in Sources */,
			);
			runOnlyForDeploymentPostprocessing = 0;
		};
		8BCB97FB27A533E900D1346D /* Sources */ = {
			isa = PBXSourcesBuildPhase;
			buildActionMask = 2147483647;
			files = (
				8BCB980427A533E900D1346D /* CountriesUITests.swift in Sources */,
				8BCB980627A533E900D1346D /* CountriesUITestsLaunchTests.swift in Sources */,
			);
			runOnlyForDeploymentPostprocessing = 0;
		};
/* End PBXSourcesBuildPhase section */

/* Begin PBXTargetDependency section */
		8BCB97F727A533E900D1346D /* PBXTargetDependency */ = {
			isa = PBXTargetDependency;
			target = 8BCB97DE27A533E700D1346D /* Countries */;
			targetProxy = 8BCB97F627A533E900D1346D /* PBXContainerItemProxy */;
		};
		8BCB980127A533E900D1346D /* PBXTargetDependency */ = {
			isa = PBXTargetDependency;
			target = 8BCB97DE27A533E700D1346D /* Countries */;
			targetProxy = 8BCB980027A533E900D1346D /* PBXContainerItemProxy */;
		};
/* End PBXTargetDependency section */

/* Begin PBXVariantGroup section */
		8BCB97ED27A533E800D1346D /* LaunchScreen.storyboard */ = {
			isa = PBXVariantGroup;
			children = (
				8BCB97EE27A533E800D1346D /* Base */,
			);
			name = LaunchScreen.storyboard;
			sourceTree = "<group>";
		};
/* End PBXVariantGroup section */

/* Begin XCBuildConfiguration section */
		8BCB980727A533E900D1346D /* Debug */ = {
			isa = XCBuildConfiguration;
			buildSettings = {
				ALWAYS_SEARCH_USER_PATHS = NO;
				CLANG_ANALYZER_NONNULL = YES;
				CLANG_ANALYZER_NUMBER_OBJECT_CONVERSION = YES_AGGRESSIVE;
				CLANG_CXX_LANGUAGE_STANDARD = "gnu++17";
				CLANG_CXX_LIBRARY = "libc++";
				CLANG_ENABLE_MODULES = YES;
				CLANG_ENABLE_OBJC_ARC = YES;
				CLANG_ENABLE_OBJC_WEAK = YES;
				CLANG_WARN_BLOCK_CAPTURE_AUTORELEASING = YES;
				CLANG_WARN_BOOL_CONVERSION = YES;
				CLANG_WARN_COMMA = YES;
				CLANG_WARN_CONSTANT_CONVERSION = YES;
				CLANG_WARN_DEPRECATED_OBJC_IMPLEMENTATIONS = YES;
				CLANG_WARN_DIRECT_OBJC_ISA_USAGE = YES_ERROR;
				CLANG_WARN_DOCUMENTATION_COMMENTS = YES;
				CLANG_WARN_EMPTY_BODY = YES;
				CLANG_WARN_ENUM_CONVERSION = YES;
				CLANG_WARN_INFINITE_RECURSION = YES;
				CLANG_WARN_INT_CONVERSION = YES;
				CLANG_WARN_NON_LITERAL_NULL_CONVERSION = YES;
				CLANG_WARN_OBJC_IMPLICIT_RETAIN_SELF = YES;
				CLANG_WARN_OBJC_LITERAL_CONVERSION = YES;
				CLANG_WARN_OBJC_ROOT_CLASS = YES_ERROR;
				CLANG_WARN_QUOTED_INCLUDE_IN_FRAMEWORK_HEADER = YES;
				CLANG_WARN_RANGE_LOOP_ANALYSIS = YES;
				CLANG_WARN_STRICT_PROTOTYPES = YES;
				CLANG_WARN_SUSPICIOUS_MOVE = YES;
				CLANG_WARN_UNGUARDED_AVAILABILITY = YES_AGGRESSIVE;
				CLANG_WARN_UNREACHABLE_CODE = YES;
				CLANG_WARN__DUPLICATE_METHOD_MATCH = YES;
				COPY_PHASE_STRIP = NO;
				DEBUG_INFORMATION_FORMAT = dwarf;
				ENABLE_STRICT_OBJC_MSGSEND = YES;
				ENABLE_TESTABILITY = YES;
				GCC_C_LANGUAGE_STANDARD = gnu11;
				GCC_DYNAMIC_NO_PIC = NO;
				GCC_NO_COMMON_BLOCKS = YES;
				GCC_OPTIMIZATION_LEVEL = 0;
				GCC_PREPROCESSOR_DEFINITIONS = (
					"DEBUG=1",
					"$(inherited)",
				);
				GCC_WARN_64_TO_32_BIT_CONVERSION = YES;
				GCC_WARN_ABOUT_RETURN_TYPE = YES_ERROR;
				GCC_WARN_UNDECLARED_SELECTOR = YES;
				GCC_WARN_UNINITIALIZED_AUTOS = YES_AGGRESSIVE;
				GCC_WARN_UNUSED_FUNCTION = YES;
				GCC_WARN_UNUSED_VARIABLE = YES;
				IPHONEOS_DEPLOYMENT_TARGET = 15.2;
				MTL_ENABLE_DEBUG_INFO = INCLUDE_SOURCE;
				MTL_FAST_MATH = YES;
				ONLY_ACTIVE_ARCH = YES;
				SDKROOT = iphoneos;
				SWIFT_ACTIVE_COMPILATION_CONDITIONS = DEBUG;
				SWIFT_OPTIMIZATION_LEVEL = "-Onone";
			};
			name = Debug;
		};
		8BCB980827A533E900D1346D /* Release */ = {
			isa = XCBuildConfiguration;
			buildSettings = {
				ALWAYS_SEARCH_USER_PATHS = NO;
				CLANG_ANALYZER_NONNULL = YES;
				CLANG_ANALYZER_NUMBER_OBJECT_CONVERSION = YES_AGGRESSIVE;
				CLANG_CXX_LANGUAGE_STANDARD = "gnu++17";
				CLANG_CXX_LIBRARY = "libc++";
				CLANG_ENABLE_MODULES = YES;
				CLANG_ENABLE_OBJC_ARC = YES;
				CLANG_ENABLE_OBJC_WEAK = YES;
				CLANG_WARN_BLOCK_CAPTURE_AUTORELEASING = YES;
				CLANG_WARN_BOOL_CONVERSION = YES;
				CLANG_WARN_COMMA = YES;
				CLANG_WARN_CONSTANT_CONVERSION = YES;
				CLANG_WARN_DEPRECATED_OBJC_IMPLEMENTATIONS = YES;
				CLANG_WARN_DIRECT_OBJC_ISA_USAGE = YES_ERROR;
				CLANG_WARN_DOCUMENTATION_COMMENTS = YES;
				CLANG_WARN_EMPTY_BODY = YES;
				CLANG_WARN_ENUM_CONVERSION = YES;
				CLANG_WARN_INFINITE_RECURSION = YES;
				CLANG_WARN_INT_CONVERSION = YES;
				CLANG_WARN_NON_LITERAL_NULL_CONVERSION = YES;
				CLANG_WARN_OBJC_IMPLICIT_RETAIN_SELF = YES;
				CLANG_WARN_OBJC_LITERAL_CONVERSION = YES;
				CLANG_WARN_OBJC_ROOT_CLASS = YES_ERROR;
				CLANG_WARN_QUOTED_INCLUDE_IN_FRAMEWORK_HEADER = YES;
				CLANG_WARN_RANGE_LOOP_ANALYSIS = YES;
				CLANG_WARN_STRICT_PROTOTYPES = YES;
				CLANG_WARN_SUSPICIOUS_MOVE = YES;
				CLANG_WARN_UNGUARDED_AVAILABILITY = YES_AGGRESSIVE;
				CLANG_WARN_UNREACHABLE_CODE = YES;
				CLANG_WARN__DUPLICATE_METHOD_MATCH = YES;
				COPY_PHASE_STRIP = NO;
				DEBUG_INFORMATION_FORMAT = "dwarf-with-dsym";
				ENABLE_NS_ASSERTIONS = NO;
				ENABLE_STRICT_OBJC_MSGSEND = YES;
				GCC_C_LANGUAGE_STANDARD = gnu11;
				GCC_NO_COMMON_BLOCKS = YES;
				GCC_WARN_64_TO_32_BIT_CONVERSION = YES;
				GCC_WARN_ABOUT_RETURN_TYPE = YES_ERROR;
				GCC_WARN_UNDECLARED_SELECTOR = YES;
				GCC_WARN_UNINITIALIZED_AUTOS = YES_AGGRESSIVE;
				GCC_WARN_UNUSED_FUNCTION = YES;
				GCC_WARN_UNUSED_VARIABLE = YES;
				IPHONEOS_DEPLOYMENT_TARGET = 15.2;
				MTL_ENABLE_DEBUG_INFO = NO;
				MTL_FAST_MATH = YES;
				SDKROOT = iphoneos;
				SWIFT_COMPILATION_MODE = wholemodule;
				SWIFT_OPTIMIZATION_LEVEL = "-O";
				VALIDATE_PRODUCT = YES;
			};
			name = Release;
		};
		8BCB980A27A533E900D1346D /* Debug */ = {
			isa = XCBuildConfiguration;
			buildSettings = {
				ASSETCATALOG_COMPILER_APPICON_NAME = AppIcon;
				ASSETCATALOG_COMPILER_GLOBAL_ACCENT_COLOR_NAME = AccentColor;
				CODE_SIGN_STYLE = Automatic;
				CURRENT_PROJECT_VERSION = 1;
				GENERATE_INFOPLIST_FILE = NO;
				INFOPLIST_FILE = Countries/Info.plist;
				INFOPLIST_KEY_UIApplicationSupportsIndirectInputEvents = YES;
				INFOPLIST_KEY_UILaunchStoryboardName = LaunchScreen;
				INFOPLIST_KEY_UISupportedInterfaceOrientations_iPad = "UIInterfaceOrientationPortrait UIInterfaceOrientationPortraitUpsideDown UIInterfaceOrientationLandscapeLeft UIInterfaceOrientationLandscapeRight";
				INFOPLIST_KEY_UISupportedInterfaceOrientations_iPhone = "UIInterfaceOrientationPortrait UIInterfaceOrientationLandscapeLeft UIInterfaceOrientationLandscapeRight";
				LD_RUNPATH_SEARCH_PATHS = (
					"$(inherited)",
					"@executable_path/Frameworks",
				);
				MARKETING_VERSION = 1.0;
				PRODUCT_BUNDLE_IDENTIFIER = me.exmaple.Countries;
				PRODUCT_NAME = "$(TARGET_NAME)";
				SWIFT_EMIT_LOC_STRINGS = YES;
				SWIFT_VERSION = 5.0;
				TARGETED_DEVICE_FAMILY = "1,2";
			};
			name = Debug;
		};
		8BCB980B27A533E900D1346D /* Release */ = {
			isa = XCBuildConfiguration;
			buildSettings = {
				ASSETCATALOG_COMPILER_APPICON_NAME = AppIcon;
				ASSETCATALOG_COMPILER_GLOBAL_ACCENT_COLOR_NAME = AccentColor;
				CODE_SIGN_STYLE = Automatic;
				CURRENT_PROJECT_VERSION = 1;
				GENERATE_INFOPLIST_FILE = NO;
				INFOPLIST_FILE = Countries/Info.plist;
				INFOPLIST_KEY_UIApplicationSupportsIndirectInputEvents = YES;
				INFOPLIST_KEY_UILaunchStoryboardName = LaunchScreen;
				INFOPLIST_KEY_UISupportedInterfaceOrientations_iPad = "UIInterfaceOrientationPortrait UIInterfaceOrientationPortraitUpsideDown UIInterfaceOrientationLandscapeLeft UIInterfaceOrientationLandscapeRight";
				INFOPLIST_KEY_UISupportedInterfaceOrientations_iPhone = "UIInterfaceOrientationPortrait UIInterfaceOrientationLandscapeLeft UIInterfaceOrientationLandscapeRight";
				LD_RUNPATH_SEARCH_PATHS = (
					"$(inherited)",
					"@executable_path/Frameworks",
				);
				MARKETING_VERSION = 1.0;
				PRODUCT_BUNDLE_IDENTIFIER = me.exmaple.Countries;
				PRODUCT_NAME = "$(TARGET_NAME)";
				SWIFT_EMIT_LOC_STRINGS = YES;
				SWIFT_VERSION = 5.0;
				TARGETED_DEVICE_FAMILY = "1,2";
			};
			name = Release;
		};
		8BCB980D27A533E900D1346D /* Debug */ = {
			isa = XCBuildConfiguration;
			buildSettings = {
				ALWAYS_EMBED_SWIFT_STANDARD_LIBRARIES = YES;
				BUNDLE_LOADER = "$(TEST_HOST)";
				CODE_SIGN_STYLE = Automatic;
				CURRENT_PROJECT_VERSION = 1;
				GENERATE_INFOPLIST_FILE = YES;
				IPHONEOS_DEPLOYMENT_TARGET = 15.2;
				MARKETING_VERSION = 1.0;
				PRODUCT_BUNDLE_IDENTIFIER = me.exmaple.CountriesTests;
				PRODUCT_NAME = "$(TARGET_NAME)";
				SWIFT_EMIT_LOC_STRINGS = NO;
				SWIFT_VERSION = 5.0;
				TARGETED_DEVICE_FAMILY = "1,2";
				TEST_HOST = "$(BUILT_PRODUCTS_DIR)/Countries.app/Countries";
			};
			name = Debug;
		};
		8BCB980E27A533E900D1346D /* Release */ = {
			isa = XCBuildConfiguration;
			buildSettings = {
				ALWAYS_EMBED_SWIFT_STANDARD_LIBRARIES = YES;
				BUNDLE_LOADER = "$(TEST_HOST)";
				CODE_SIGN_STYLE = Automatic;
				CURRENT_PROJECT_VERSION = 1;
				GENERATE_INFOPLIST_FILE = YES;
				IPHONEOS_DEPLOYMENT_TARGET = 15.2;
				MARKETING_VERSION = 1.0;
				PRODUCT_BUNDLE_IDENTIFIER = me.exmaple.CountriesTests;
				PRODUCT_NAME = "$(TARGET_NAME)";
				SWIFT_EMIT_LOC_STRINGS = NO;
				SWIFT_VERSION = 5.0;
				TARGETED_DEVICE_FAMILY = "1,2";
				TEST_HOST = "$(BUILT_PRODUCTS_DIR)/Countries.app/Countries";
			};
			name = Release;
		};
		8BCB981027A533E900D1346D /* Debug */ = {
			isa = XCBuildConfiguration;
			buildSettings = {
				ALWAYS_EMBED_SWIFT_STANDARD_LIBRARIES = YES;
				CODE_SIGN_STYLE = Automatic;
				CURRENT_PROJECT_VERSION = 1;
				GENERATE_INFOPLIST_FILE = YES;
				MARKETING_VERSION = 1.0;
				PRODUCT_BUNDLE_IDENTIFIER = me.exmaple.CountriesUITests;
				PRODUCT_NAME = "$(TARGET_NAME)";
				SWIFT_EMIT_LOC_STRINGS = NO;
				SWIFT_VERSION = 5.0;
				TARGETED_DEVICE_FAMILY = "1,2";
				TEST_TARGET_NAME = Countries;
			};
			name = Debug;
		};
		8BCB981127A533E900D1346D /* Release */ = {
			isa = XCBuildConfiguration;
			buildSettings = {
				ALWAYS_EMBED_SWIFT_STANDARD_LIBRARIES = YES;
				CODE_SIGN_STYLE = Automatic;
				CURRENT_PROJECT_VERSION = 1;
				GENERATE_INFOPLIST_FILE = YES;
				MARKETING_VERSION = 1.0;
				PRODUCT_BUNDLE_IDENTIFIER = me.exmaple.CountriesUITests;
				PRODUCT_NAME = "$(TARGET_NAME)";
				SWIFT_EMIT_LOC_STRINGS = NO;
				SWIFT_VERSION = 5.0;
				TARGETED_DEVICE_FAMILY = "1,2";
				TEST_TARGET_NAME = Countries;
			};
			name = Release;
		};
/* End XCBuildConfiguration section */

/* Begin XCConfigurationList section */
		8BCB97DA27A533E700D1346D /* Build configuration list for PBXProject "Countries" */ = {
			isa = XCConfigurationList;
			buildConfigurations = (
				8BCB980727A533E900D1346D /* Debug */,
				8BCB980827A533E900D1346D /* Release */,
			);
			defaultConfigurationIsVisible = 0;
			defaultConfigurationName = Release;
		};
		8BCB980927A533E900D1346D /* Build configuration list for PBXNativeTarget "Countries" */ = {
			isa = XCConfigurationList;
			buildConfigurations = (
				8BCB980A27A533E900D1346D /* Debug */,
				8BCB980B27A533E900D1346D /* Release */,
			);
			defaultConfigurationIsVisible = 0;
			defaultConfigurationName = Release;
		};
		8BCB980C27A533E900D1346D /* Build configuration list for PBXNativeTarget "CountriesTests" */ = {
			isa = XCConfigurationList;
			buildConfigurations = (
				8BCB980D27A533E900D1346D /* Debug */,
				8BCB980E27A533E900D1346D /* Release */,
			);
			defaultConfigurationIsVisible = 0;
			defaultConfigurationName = Release;
		};
		8BCB980F27A533E900D1346D /* Build configuration list for PBXNativeTarget "CountriesUITests" */ = {
			isa = XCConfigurationList;
			buildConfigurations = (
				8BCB981027A533E900D1346D /* Debug */,
				8BCB981127A533E900D1346D /* Release */,
			);
			defaultConfigurationIsVisible = 0;
			defaultConfigurationName = Release;
		};
/* End XCConfigurationList section */

/* Begin XCSwiftPackageProductDependency section */
		8B6DCDFB27A6A59300413FBA /* Core */ = {
			isa = XCSwiftPackageProductDependency;
			productName = Core;
		};
		8B6DCDFD27A6A59900413FBA /* HTTPClient */ = {
			isa = XCSwiftPackageProductDependency;
			productName = HTTPClient;
		};
		8B6DCDFF27A6A59C00413FBA /* Repository */ = {
			isa = XCSwiftPackageProductDependency;
			productName = Repository;
		};
		8B6DCE0127A6A59F00413FBA /* RemoteRepository */ = {
			isa = XCSwiftPackageProductDependency;
			productName = RemoteRepository;
		};
/* End XCSwiftPackageProductDependency section */
	};
	rootObject = 8BCB97D727A533E700D1346D /* Project object */;
}
